{
  "nodes": {
    "disko": {
      "inputs": {
        "nixpkgs": [
          "nixpkgs"
        ]
      },
      "locked": {
        "lastModified": 1754971456,
        "narHash": "sha256-p04ZnIBGzerSyiY2dNGmookCldhldWAu03y0s3P8CB0=",
        "owner": "nix-community",
        "repo": "disko",
        "rev": "8246829f2e675a46919718f9a64b71afe3bfb22d",
        "type": "github"
      },
      "original": {
        "owner": "nix-community",
        "repo": "disko",
        "type": "github"
      }
    },
    "flake-utils": {
      "inputs": {
        "systems": "systems"
      },
      "locked": {
        "lastModified": 1731533236,
        "narHash": "sha256-l0KFg5HjrsfsO/JpG+r7fRrqm12kzFHyUHqHCVpMMbI=",
        "owner": "numtide",
        "repo": "flake-utils",
        "rev": "11707dc2f618dd54ca8739b309ec4fc024de578b",
        "type": "github"
      },
      "original": {
        "owner": "numtide",
        "repo": "flake-utils",
        "type": "github"
      }
    },
    "home-manager": {
      "inputs": {
        "nixpkgs": [
          "nixpkgs"
        ]
      },
      "locked": {
        "lastModified": 1755442500,
        "narHash": "sha256-RHK4H6SWzkAtW/5WBHsyugaXJX25yr5y7FAZznxcBJs=",
        "owner": "nix-community",
        "repo": "home-manager",
        "rev": "d2ffdedfc39c591367b1ddf22b4ce107f029dcc3",
        "type": "github"
      },
      "original": {
        "owner": "nix-community",
        "ref": "master",
        "repo": "home-manager",
        "type": "github"
      }
    },
    "nixpkgs": {
      "locked": {
        "lastModified": 1755186698,
        "narHash": "sha256-wNO3+Ks2jZJ4nTHMuks+cxAiVBGNuEBXsT29Bz6HASo=",
        "owner": "NixOS",
        "repo": "nixpkgs",
        "rev": "fbcf476f790d8a217c3eab4e12033dc4a0f6d23c",
        "type": "github"
      },
      "original": {
        "id": "nixpkgs",
        "ref": "nixos-unstable",
        "type": "indirect"
      }
    },
    "nixpkgs-pin": {
      "locked": {
        "lastModified": 1755186698,
        "narHash": "sha256-wNO3+Ks2jZJ4nTHMuks+cxAiVBGNuEBXsT29Bz6HASo=",
        "owner": "NixOS",
        "repo": "nixpkgs",
        "rev": "fbcf476f790d8a217c3eab4e12033dc4a0f6d23c",
        "type": "github"
      },
      "original": {
        "id": "nixpkgs",
        "ref": "nixos-unstable",
        "type": "indirect"
      }
    },
    "nixpkgs-stable": {
      "locked": {
        "lastModified": 1751274312,
        "narHash": "sha256-/bVBlRpECLVzjV19t5KMdMFWSwKLtb5RyXdjz3LJT+g=",
        "owner": "NixOS",
        "repo": "nixpkgs",
        "rev": "50ab793786d9de88ee30ec4e4c24fb4236fc2674",
        "type": "github"
      },
      "original": {
        "id": "nixpkgs",
        "ref": "nixos-24.11",
        "type": "indirect"
      }
    },
    "python-flexseal": {
      "inputs": {
        "flake-utils": [
          "stable-diffusion-webui-nix",
          "flake-utils"
        ],
        "nixpkgs": [
          "stable-diffusion-webui-nix",
          "nixpkgs"
        ]
      },
      "locked": {
        "lastModified": 1751898758,
        "narHash": "sha256-8EmTPdfOymvvHhmHYWiyO3cwZ4gtLo5uBFm3CU5vySo=",
        "owner": "Janrupf",
        "repo": "python-flexseal",
        "rev": "af318e1fd047abbefcc68d0292a4d902179c95fe",
        "type": "github"
      },
      "original": {
        "owner": "Janrupf",
        "repo": "python-flexseal",
        "type": "github"
      }
    },
    "root": {
      "inputs": {
        "disko": "disko",
        "home-manager": "home-manager",
        "nixpkgs": "nixpkgs",
        "nixpkgs-pin": "nixpkgs-pin",
        "nixpkgs-stable": "nixpkgs-stable",
        "sops-nix": "sops-nix",
        "stable-diffusion-webui-nix": "stable-diffusion-webui-nix"
      }
    },
    "sops-nix": {
      "inputs": {
        "nixpkgs": [
          "nixpkgs"
        ]
      },
      "locked": {
        "lastModified": 1754988908,
        "narHash": "sha256-t+voe2961vCgrzPFtZxha0/kmFSHFobzF00sT8p9h0U=",
        "owner": "Mic92",
        "repo": "sops-nix",
        "rev": "3223c7a92724b5d804e9988c6b447a0d09017d48",
        "type": "github"
      },
      "original": {
        "owner": "Mic92",
        "repo": "sops-nix",
        "type": "github"
      }
    },
    "stable-diffusion-webui-nix": {
      "inputs": {
        "flake-utils": "flake-utils",
        "nixpkgs": [
          "nixpkgs"
        ],
        "python-flexseal": "python-flexseal"
      },
      "locked": {
        "lastModified": 1752083525,
        "narHash": "sha256-SGJG1kkaXZSRdTCG2vQ5EF/26U9EaonUzyJLXJ3Gq3Y=",
        "owner": "Janrupf",
        "repo": "stable-diffusion-webui-nix",
        "rev": "937786d7124fa060e39dc57097371c44f581309c",
        "type": "github"
      },
      "original": {
        "owner": "Janrupf",
        "ref": "main",
        "repo": "stable-diffusion-webui-nix",
        "type": "github"
      }
    },
    "systems": {
      "locked": {
        "lastModified": 1681028828,
        "narHash": "sha256-Vy1rq5AaRuLzOxct8nz4T6wlgyUR7zLU309k9mBC768=",
        "owner": "nix-systems",
        "repo": "default",
        "rev": "da67096a3b9bf56a91d16901293e51ba5b49a27e",
        "type": "github"
      },
      "original": {
        "owner": "nix-systems",
        "repo": "default",
        "type": "github"
      }
    }
  },
  "root": "root",
  "version": 7
}
